// !$*UTF8*$!
{
	archiveVersion = 1;
	classes = {
	};
	objectVersion = 50;
	objects = {

/* Begin PBXBuildFile section */
		BCB35196245572C900A5220A /* AppDelegate.m in Sources */ = {isa = PBXBuildFile; fileRef = BCB35195245572C900A5220A /* AppDelegate.m */; };
		BCB35199245572C900A5220A /* SceneDelegate.m in Sources */ = {isa = PBXBuildFile; fileRef = BCB35198245572C900A5220A /* SceneDelegate.m */; };
		BCB351A1245572CB00A5220A /* Assets.xcassets in Resources */ = {isa = PBXBuildFile; fileRef = BCB351A0245572CB00A5220A /* Assets.xcassets */; };
		BCB351A4245572CB00A5220A /* LaunchScreen.storyboard in Resources */ = {isa = PBXBuildFile; fileRef = BCB351A2245572CB00A5220A /* LaunchScreen.storyboard */; };
		BCB351A7245572CB00A5220A /* main.m in Sources */ = {isa = PBXBuildFile; fileRef = BCB351A6245572CB00A5220A /* main.m */; };
		BCB351AF2455735A00A5220A /* BirthdaysViewController.m in Sources */ = {isa = PBXBuildFile; fileRef = BCB351AE2455735A00A5220A /* BirthdaysViewController.m */; };
		BCB351B1245573CA00A5220A /* Main.storyboard in Resources */ = {isa = PBXBuildFile; fileRef = BCB351B0245573CA00A5220A /* Main.storyboard */; };
		BCB351B4245584D400A5220A /* BirthdaysInformation.m in Sources */ = {isa = PBXBuildFile; fileRef = BCB351B3245584D400A5220A /* BirthdaysInformation.m */; };
		BCB351B724558FA100A5220A /* AddingBirthdaysViewController.m in Sources */ = {isa = PBXBuildFile; fileRef = BCB351B624558FA100A5220A /* AddingBirthdaysViewController.m */; };
/* End PBXBuildFile section */

/* Begin PBXFileReference section */
		BCB35191245572C900A5220A /* BirthdayTracker.app */ = {isa = PBXFileReference; explicitFileType = wrapper.application; includeInIndex = 0; path = BirthdayTracker.app; sourceTree = BUILT_PRODUCTS_DIR; };
		BCB35194245572C900A5220A /* AppDelegate.h */ = {isa = PBXFileReference; lastKnownFileType = sourcecode.c.h; path = AppDelegate.h; sourceTree = "<group>"; };
		BCB35195245572C900A5220A /* AppDelegate.m */ = {isa = PBXFileReference; lastKnownFileType = sourcecode.c.objc; path = AppDelegate.m; sourceTree = "<group>"; };
		BCB35197245572C900A5220A /* SceneDelegate.h */ = {isa = PBXFileReference; lastKnownFileType = sourcecode.c.h; path = SceneDelegate.h; sourceTree = "<group>"; };
		BCB35198245572C900A5220A /* SceneDelegate.m */ = {isa = PBXFileReference; lastKnownFileType = sourcecode.c.objc; path = SceneDelegate.m; sourceTree = "<group>"; };
		BCB351A0245572CB00A5220A /* Assets.xcassets */ = {isa = PBXFileReference; lastKnownFileType = folder.assetcatalog; path = Assets.xcassets; sourceTree = "<group>"; };
		BCB351A3245572CB00A5220A /* Base */ = {isa = PBXFileReference; lastKnownFileType = file.storyboard; name = Base; path = Base.lproj/LaunchScreen.storyboard; sourceTree = "<group>"; };
		BCB351A5245572CB00A5220A /* Info.plist */ = {isa = PBXFileReference; lastKnownFileType = text.plist.xml; path = Info.plist; sourceTree = "<group>"; };
		BCB351A6245572CB00A5220A /* main.m */ = {isa = PBXFileReference; lastKnownFileType = sourcecode.c.objc; path = main.m; sourceTree = "<group>"; };
		BCB351AD2455735A00A5220A /* BirthdaysViewController.h */ = {isa = PBXFileReference; lastKnownFileType = sourcecode.c.h; path = BirthdaysViewController.h; sourceTree = "<group>"; };
		BCB351AE2455735A00A5220A /* BirthdaysViewController.m */ = {isa = PBXFileReference; lastKnownFileType = sourcecode.c.objc; path = BirthdaysViewController.m; sourceTree = "<group>"; };
		BCB351B0245573CA00A5220A /* Main.storyboard */ = {isa = PBXFileReference; lastKnownFileType = file.storyboard; path = Main.storyboard; sourceTree = "<group>"; };
		BCB351B2245584D400A5220A /* BirthdaysInformation.h */ = {isa = PBXFileReference; lastKnownFileType = sourcecode.c.h; path = BirthdaysInformation.h; sourceTree = "<group>"; };
		BCB351B3245584D400A5220A /* BirthdaysInformation.m */ = {isa = PBXFileReference; lastKnownFileType = sourcecode.c.objc; path = BirthdaysInformation.m; sourceTree = "<group>"; };
		BCB351B524558FA100A5220A /* AddingBirthdaysViewController.h */ = {isa = PBXFileReference; lastKnownFileType = sourcecode.c.h; path = AddingBirthdaysViewController.h; sourceTree = "<group>"; };
		BCB351B624558FA100A5220A /* AddingBirthdaysViewController.m */ = {isa = PBXFileReference; lastKnownFileType = sourcecode.c.objc; path = AddingBirthdaysViewController.m; sourceTree = "<group>"; };
/* End PBXFileReference section */

/* Begin PBXFrameworksBuildPhase section */
		BCB3518E245572C900A5220A /* Frameworks */ = {
			isa = PBXFrameworksBuildPhase;
			buildActionMask = 2147483647;
			files = (
			);
			runOnlyForDeploymentPostprocessing = 0;
		};
/* End PBXFrameworksBuildPhase section */

/* Begin PBXGroup section */
		BCB35188245572C900A5220A = {
			isa = PBXGroup;
			children = (
				BCB35193245572C900A5220A /* BirthdayTracker */,
				BCB35192245572C900A5220A /* Products */,
			);
			sourceTree = "<group>";
		};
		BCB35192245572C900A5220A /* Products */ = {
			isa = PBXGroup;
			children = (
				BCB35191245572C900A5220A /* BirthdayTracker.app */,
			);
			name = Products;
			sourceTree = "<group>";
		};
		BCB35193245572C900A5220A /* BirthdayTracker */ = {
			isa = PBXGroup;
			children = (
				BCB351AD2455735A00A5220A /* BirthdaysViewController.h */,
				BCB351AE2455735A00A5220A /* BirthdaysViewController.m */,
				BCB351B524558FA100A5220A /* AddingBirthdaysViewController.h */,
				BCB351B624558FA100A5220A /* AddingBirthdaysViewController.m */,
				BCB351B2245584D400A5220A /* BirthdaysInformation.h */,
				BCB351B3245584D400A5220A /* BirthdaysInformation.m */,
				BCB35194245572C900A5220A /* AppDelegate.h */,
				BCB35195245572C900A5220A /* AppDelegate.m */,
				BCB35197245572C900A5220A /* SceneDelegate.h */,
				BCB35198245572C900A5220A /* SceneDelegate.m */,
				BCB351A0245572CB00A5220A /* Assets.xcassets */,
				BCB351A2245572CB00A5220A /* LaunchScreen.storyboard */,
				BCB351B0245573CA00A5220A /* Main.storyboard */,
				BCB351A5245572CB00A5220A /* Info.plist */,
				BCB351A6245572CB00A5220A /* main.m */,
			);
			path = BirthdayTracker;
			sourceTree = "<group>";
		};
/* End PBXGroup section */

/* Begin PBXNativeTarget section */
		BCB35190245572C900A5220A /* BirthdayTracker */ = {
			isa = PBXNativeTarget;
			buildConfigurationList = BCB351AA245572CB00A5220A /* Build configuration list for PBXNativeTarget "BirthdayTracker" */;
			buildPhases = (
				BCB3518D245572C900A5220A /* Sources */,
				BCB3518E245572C900A5220A /* Frameworks */,
				BCB3518F245572C900A5220A /* Resources */,
			);
			buildRules = (
			);
			dependencies = (
			);
			name = BirthdayTracker;
			productName = BirthdayTracker;
			productReference = BCB35191245572C900A5220A /* BirthdayTracker.app */;
			productType = "com.apple.product-type.application";
		};
/* End PBXNativeTarget section */

/* Begin PBXProject section */
		BCB35189245572C900A5220A /* Project object */ = {
			isa = PBXProject;
			attributes = {
				LastUpgradeCheck = 1140;
				ORGANIZATIONNAME = "Alexey Sergeev";
				TargetAttributes = {
					BCB35190245572C900A5220A = {
						CreatedOnToolsVersion = 11.4.1;
					};
				};
			};
			buildConfigurationList = BCB3518C245572C900A5220A /* Build configuration list for PBXProject "BirthdayTracker" */;
			compatibilityVersion = "Xcode 9.3";
			developmentRegion = en;
			hasScannedForEncodings = 0;
			knownRegions = (
				en,
				Base,
			);
			mainGroup = BCB35188245572C900A5220A;
			productRefGroup = BCB35192245572C900A5220A /* Products */;
			projectDirPath = "";
			projectRoot = "";
			targets = (
				BCB35190245572C900A5220A /* BirthdayTracker */,
			);
		};
/* End PBXProject section */

/* Begin PBXResourcesBuildPhase section */
		BCB3518F245572C900A5220A /* Resources */ = {
			isa = PBXResourcesBuildPhase;
			buildActionMask = 2147483647;
			files = (
				BCB351B1245573CA00A5220A /* Main.storyboard in Resources */,
				BCB351A4245572CB00A5220A /* LaunchScreen.storyboard in Resources */,
				BCB351A1245572CB00A5220A /* Assets.xcassets in Resources */,
			);
			runOnlyForDeploymentPostprocessing = 0;
		};
/* End PBXResourcesBuildPhase section */

/* Begin PBXSourcesBuildPhase section */
		BCB3518D245572C900A5220A /* Sources */ = {
			isa = PBXSourcesBuildPhase;
			buildActionMask = 2147483647;
			files = (
				BCB35196245572C900A5220A /* AppDelegate.m in Sources */,
				BCB351AF2455735A00A5220A /* BirthdaysViewController.m in Sources */,
				BCB351B724558FA100A5220A /* AddingBirthdaysViewController.m in Sources */,
				BCB351A7245572CB00A5220A /* main.m in Sources */,
				BCB351B4245584D400A5220A /* BirthdaysInformation.m in Sources */,
				BCB35199245572C900A5220A /* SceneDelegate.m in Sources */,
			);
			runOnlyForDeploymentPostprocessing = 0;
		};
/* End PBXSourcesBuildPhase section */

/* Begin PBXVariantGroup section */
		BCB351A2245572CB00A5220A /* LaunchScreen.storyboard */ = {
			isa = PBXVariantGroup;
			children = (
				BCB351A3245572CB00A5220A /* Base */,
			);
			name = LaunchScreen.storyboard;
			sourceTree = "<group>";
		};
/* End PBXVariantGroup section */

/* Begin XCBuildConfiguration section */
		BCB351A8245572CB00A5220A /* Debug */ = {
			isa = XCBuildConfiguration;
			buildSettings = {
				ALWAYS_SEARCH_USER_PATHS = NO;
				CLANG_ANALYZER_NONNULL = YES;
				CLANG_ANALYZER_NUMBER_OBJECT_CONVERSION = YES_AGGRESSIVE;
				CLANG_CXX_LANGUAGE_STANDARD = "gnu++14";
				CLANG_CXX_LIBRARY = "libc++";
				CLANG_ENABLE_MODULES = YES;
				CLANG_ENABLE_OBJC_ARC = YES;
				CLANG_ENABLE_OBJC_WEAK = YES;
				CLANG_WARN_BLOCK_CAPTURE_AUTORELEASING = YES;
				CLANG_WARN_BOOL_CONVERSION = YES;
				CLANG_WARN_COMMA = YES;
				CLANG_WARN_CONSTANT_CONVERSION = YES;
				CLANG_WARN_DEPRECATED_OBJC_IMPLEMENTATIONS = YES;
				CLANG_WARN_DIRECT_OBJC_ISA_USAGE = YES_ERROR;
				CLANG_WARN_DOCUMENTATION_COMMENTS = YES;
				CLANG_WARN_EMPTY_BODY = YES;
				CLANG_WARN_ENUM_CONVERSION = YES;
				CLANG_WARN_INFINITE_RECURSION = YES;
				CLANG_WARN_INT_CONVERSION = YES;
				CLANG_WARN_NON_LITERAL_NULL_CONVERSION = YES;
				CLANG_WARN_OBJC_IMPLICIT_RETAIN_SELF = YES;
				CLANG_WARN_OBJC_LITERAL_CONVERSION = YES;
				CLANG_WARN_OBJC_ROOT_CLASS = YES_ERROR;
				CLANG_WARN_RANGE_LOOP_ANALYSIS = YES;
				CLANG_WARN_STRICT_PROTOTYPES = YES;
				CLANG_WARN_SUSPICIOUS_MOVE = YES;
				CLANG_WARN_UNGUARDED_AVAILABILITY = YES_AGGRESSIVE;
				CLANG_WARN_UNREACHABLE_CODE = YES;
				CLANG_WARN__DUPLICATE_METHOD_MATCH = YES;
				COPY_PHASE_STRIP = NO;
				DEBUG_INFORMATION_FORMAT = dwarf;
				ENABLE_STRICT_OBJC_MSGSEND = YES;
				ENABLE_TESTABILITY = YES;
				GCC_C_LANGUAGE_STANDARD = gnu11;
				GCC_DYNAMIC_NO_PIC = NO;
				GCC_NO_COMMON_BLOCKS = YES;
				GCC_OPTIMIZATION_LEVEL = 0;
				GCC_PREPROCESSOR_DEFINITIONS = (
					"DEBUG=1",
					"$(inherited)",
				);
				GCC_WARN_64_TO_32_BIT_CONVERSION = YES;
				GCC_WARN_ABOUT_RETURN_TYPE = YES_ERROR;
				GCC_WARN_UNDECLARED_SELECTOR = YES;
				GCC_WARN_UNINITIALIZED_AUTOS = YES_AGGRESSIVE;
				GCC_WARN_UNUSED_FUNCTION = YES;
				GCC_WARN_UNUSED_VARIABLE = YES;
				IPHONEOS_DEPLOYMENT_TARGET = 13.4;
				MTL_ENABLE_DEBUG_INFO = INCLUDE_SOURCE;
				MTL_FAST_MATH = YES;
				ONLY_ACTIVE_ARCH = YES;
				SDKROOT = iphoneos;
			};
			name = Debug;
		};
		BCB351A9245572CB00A5220A /* Release */ = {
			isa = XCBuildConfiguration;
			buildSettings = {
				ALWAYS_SEARCH_USER_PATHS = NO;
				CLANG_ANALYZER_NONNULL = YES;
				CLANG_ANALYZER_NUMBER_OBJECT_CONVERSION = YES_AGGRESSIVE;
				CLANG_CXX_LANGUAGE_STANDARD = "gnu++14";
				CLANG_CXX_LIBRARY = "libc++";
				CLANG_ENABLE_MODULES = YES;
				CLANG_ENABLE_OBJC_ARC = YES;
				CLANG_ENABLE_OBJC_WEAK = YES;
				CLANG_WARN_BLOCK_CAPTURE_AUTORELEASING = YES;
				CLANG_WARN_BOOL_CONVERSION = YES;
				CLANG_WARN_COMMA = YES;
				CLANG_WARN_CONSTANT_CONVERSION = YES;
				CLANG_WARN_DEPRECATED_OBJC_IMPLEMENTATIONS = YES;
				CLANG_WARN_DIRECT_OBJC_ISA_USAGE = YES_ERROR;
				CLANG_WARN_DOCUMENTATION_COMMENTS = YES;
				CLANG_WARN_EMPTY_BODY = YES;
				CLANG_WARN_ENUM_CONVERSION = YES;
				CLANG_WARN_INFINITE_RECURSION = YES;
				CLANG_WARN_INT_CONVERSION = YES;
				CLANG_WARN_NON_LITERAL_NULL_CONVERSION = YES;
				CLANG_WARN_OBJC_IMPLICIT_RETAIN_SELF = YES;
				CLANG_WARN_OBJC_LITERAL_CONVERSION = YES;
				CLANG_WARN_OBJC_ROOT_CLASS = YES_ERROR;
				CLANG_WARN_RANGE_LOOP_ANALYSIS = YES;
				CLANG_WARN_STRICT_PROTOTYPES = YES;
				CLANG_WARN_SUSPICIOUS_MOVE = YES;
				CLANG_WARN_UNGUARDED_AVAILABILITY = YES_AGGRESSIVE;
				CLANG_WARN_UNREACHABLE_CODE = YES;
				CLANG_WARN__DUPLICATE_METHOD_MATCH = YES;
				COPY_PHASE_STRIP = NO;
				DEBUG_INFORMATION_FORMAT = "dwarf-with-dsym";
				ENABLE_NS_ASSERTIONS = NO;
				ENABLE_STRICT_OBJC_MSGSEND = YES;
				GCC_C_LANGUAGE_STANDARD = gnu11;
				GCC_NO_COMMON_BLOCKS = YES;
				GCC_WARN_64_TO_32_BIT_CONVERSION = YES;
				GCC_WARN_ABOUT_RETURN_TYPE = YES_ERROR;
				GCC_WARN_UNDECLARED_SELECTOR = YES;
				GCC_WARN_UNINITIALIZED_AUTOS = YES_AGGRESSIVE;
				GCC_WARN_UNUSED_FUNCTION = YES;
				GCC_WARN_UNUSED_VARIABLE = YES;
				IPHONEOS_DEPLOYMENT_TARGET = 13.4;
				MTL_ENABLE_DEBUG_INFO = NO;
				MTL_FAST_MATH = YES;
				SDKROOT = iphoneos;
				VALIDATE_PRODUCT = YES;
			};
			name = Release;
		};
		BCB351AB245572CB00A5220A /* Debug */ = {
			isa = XCBuildConfiguration;
			buildSettings = {
				ASSETCATALOG_COMPILER_APPICON_NAME = AppIcon;
				CODE_SIGN_STYLE = Automatic;
				DEVELOPMENT_TEAM = P5WFMH6Q63;
				INFOPLIST_FILE = BirthdayTracker/Info.plist;
				LD_RUNPATH_SEARCH_PATHS = (
					"$(inherited)",
					"@executable_path/Frameworks",
				);
				PRODUCT_BUNDLE_IDENTIFIER = AS.BirthdayTracker;
				PRODUCT_NAME = "$(TARGET_NAME)";
				TARGETED_DEVICE_FAMILY = "1,2";
			};
			name = Debug;
		};
		BCB351AC245572CB00A5220A /* Release */ = {
			isa = XCBuildConfiguration;
			buildSettings = {
				ASSETCATALOG_COMPILER_APPICON_NAME = AppIcon;
				CODE_SIGN_STYLE = Automatic;
				DEVELOPMENT_TEAM = P5WFMH6Q63;
				INFOPLIST_FILE = BirthdayTracker/Info.plist;
				LD_RUNPATH_SEARCH_PATHS = (
					"$(inherited)",
					"@executable_path/Frameworks",
				);
				PRODUCT_BUNDLE_IDENTIFIER = AS.BirthdayTracker;
				PRODUCT_NAME = "$(TARGET_NAME)";
				TARGETED_DEVICE_FAMILY = "1,2";
			};
			name = Release;
		};
/* End XCBuildConfiguration section */

/* Begin XCConfigurationList section */
		BCB3518C245572C900A5220A /* Build configuration list for PBXProject "BirthdayTracker" */ = {
			isa = XCConfigurationList;
			buildConfigurations = (
				BCB351A8245572CB00A5220A /* Debug */,
				BCB351A9245572CB00A5220A /* Release */,
			);
			defaultConfigurationIsVisible = 0;
			defaultConfigurationName = Release;
		};
		BCB351AA245572CB00A5220A /* Build configuration list for PBXNativeTarget "BirthdayTracker" */ = {
			isa = XCConfigurationList;
			buildConfigurations = (
				BCB351AB245572CB00A5220A /* Debug */,
				BCB351AC245572CB00A5220A /* Release */,
			);
			defaultConfigurationIsVisible = 0;
			defaultConfigurationName = Release;
		};
/* End XCConfigurationList section */
	};
	rootObject = BCB35189245572C900A5220A /* Project object */;
}
